// !$*UTF8*$!
{
	archiveVersion = 1;
	classes = {
	};
	objectVersion = 50;
	objects = {

/* Begin PBXBuildFile section */
		77A97288253C8A8800044BC3 /* AppDelegate.swift in Sources */ = {isa = PBXBuildFile; fileRef = 77A97287253C8A8800044BC3 /* AppDelegate.swift */; };
		77A9728A253C8A8800044BC3 /* SceneDelegate.swift in Sources */ = {isa = PBXBuildFile; fileRef = 77A97289253C8A8800044BC3 /* SceneDelegate.swift */; };
		77A9728C253C8A8800044BC3 /* ViewController.swift in Sources */ = {isa = PBXBuildFile; fileRef = 77A9728B253C8A8800044BC3 /* ViewController.swift */; };
		77A9728F253C8A8800044BC3 /* Main.storyboard in Resources */ = {isa = PBXBuildFile; fileRef = 77A9728D253C8A8800044BC3 /* Main.storyboard */; };
		77A97291253C8A8900044BC3 /* Assets.xcassets in Resources */ = {isa = PBXBuildFile; fileRef = 77A97290253C8A8900044BC3 /* Assets.xcassets */; };
		77A97294253C8A8900044BC3 /* LaunchScreen.storyboard in Resources */ = {isa = PBXBuildFile; fileRef = 77A97292253C8A8900044BC3 /* LaunchScreen.storyboard */; };
		77A9729C253C8BDD00044BC3 /* ListViewController.swift in Sources */ = {isa = PBXBuildFile; fileRef = 77A9729B253C8BDD00044BC3 /* ListViewController.swift */; };
		77A9729E253C8CD400044BC3 /* News.swift in Sources */ = {isa = PBXBuildFile; fileRef = 77A9729D253C8CD400044BC3 /* News.swift */; };
		77A972AA253CB27000044BC3 /* NewsCell.swift in Sources */ = {isa = PBXBuildFile; fileRef = 77A972A9253CB27000044BC3 /* NewsCell.swift */; };
/* End PBXBuildFile section */

/* Begin PBXFileReference section */
		77A97284253C8A8800044BC3 /* dom4.app */ = {isa = PBXFileReference; explicitFileType = wrapper.application; includeInIndex = 0; path = dom4.app; sourceTree = BUILT_PRODUCTS_DIR; };
		77A97287253C8A8800044BC3 /* AppDelegate.swift */ = {isa = PBXFileReference; lastKnownFileType = sourcecode.swift; path = AppDelegate.swift; sourceTree = "<group>"; };
		77A97289253C8A8800044BC3 /* SceneDelegate.swift */ = {isa = PBXFileReference; lastKnownFileType = sourcecode.swift; path = SceneDelegate.swift; sourceTree = "<group>"; };
		77A9728B253C8A8800044BC3 /* ViewController.swift */ = {isa = PBXFileReference; lastKnownFileType = sourcecode.swift; path = ViewController.swift; sourceTree = "<group>"; };
		77A9728E253C8A8800044BC3 /* Base */ = {isa = PBXFileReference; lastKnownFileType = file.storyboard; name = Base; path = Base.lproj/Main.storyboard; sourceTree = "<group>"; };
		77A97290253C8A8900044BC3 /* Assets.xcassets */ = {isa = PBXFileReference; lastKnownFileType = folder.assetcatalog; path = Assets.xcassets; sourceTree = "<group>"; };
		77A97293253C8A8900044BC3 /* Base */ = {isa = PBXFileReference; lastKnownFileType = file.storyboard; name = Base; path = Base.lproj/LaunchScreen.storyboard; sourceTree = "<group>"; };
		77A97295253C8A8900044BC3 /* Info.plist */ = {isa = PBXFileReference; lastKnownFileType = text.plist.xml; path = Info.plist; sourceTree = "<group>"; };
		77A9729B253C8BDD00044BC3 /* ListViewController.swift */ = {isa = PBXFileReference; lastKnownFileType = sourcecode.swift; path = ListViewController.swift; sourceTree = "<group>"; };
		77A9729D253C8CD400044BC3 /* News.swift */ = {isa = PBXFileReference; lastKnownFileType = sourcecode.swift; path = News.swift; sourceTree = "<group>"; };
		77A972A9253CB27000044BC3 /* NewsCell.swift */ = {isa = PBXFileReference; lastKnownFileType = sourcecode.swift; path = NewsCell.swift; sourceTree = "<group>"; };
/* End PBXFileReference section */

/* Begin PBXFrameworksBuildPhase section */
		77A97281253C8A8800044BC3 /* Frameworks */ = {
			isa = PBXFrameworksBuildPhase;
			buildActionMask = 2147483647;
			files = (
			);
			runOnlyForDeploymentPostprocessing = 0;
		};
/* End PBXFrameworksBuildPhase section */

/* Begin PBXGroup section */
		77A9727B253C8A8800044BC3 = {
			isa = PBXGroup;
			children = (
				77A97286253C8A8800044BC3 /* dom4 */,
				77A97285253C8A8800044BC3 /* Products */,
			);
			sourceTree = "<group>";
		};
		77A97285253C8A8800044BC3 /* Products */ = {
			isa = PBXGroup;
			children = (
				77A97284253C8A8800044BC3 /* dom4.app */,
			);
			name = Products;
			sourceTree = "<group>";
		};
		77A97286253C8A8800044BC3 /* dom4 */ = {
			isa = PBXGroup;
			children = (
				77A97287253C8A8800044BC3 /* AppDelegate.swift */,
				77A97289253C8A8800044BC3 /* SceneDelegate.swift */,
				77A9728B253C8A8800044BC3 /* ViewController.swift */,
				77A9728D253C8A8800044BC3 /* Main.storyboard */,
				77A9729B253C8BDD00044BC3 /* ListViewController.swift */,
				77A9729D253C8CD400044BC3 /* News.swift */,
				77A972A9253CB27000044BC3 /* NewsCell.swift */,
				77A97290253C8A8900044BC3 /* Assets.xcassets */,
				77A97292253C8A8900044BC3 /* LaunchScreen.storyboard */,
				77A97295253C8A8900044BC3 /* Info.plist */,
			);
			path = dom4;
			sourceTree = "<group>";
		};
/* End PBXGroup section */

/* Begin PBXNativeTarget section */
		77A97283253C8A8800044BC3 /* dom4 */ = {
			isa = PBXNativeTarget;
			buildConfigurationList = 77A97298253C8A8900044BC3 /* Build configuration list for PBXNativeTarget "dom4" */;
			buildPhases = (
				77A97280253C8A8800044BC3 /* Sources */,
				77A97281253C8A8800044BC3 /* Frameworks */,
				77A97282253C8A8800044BC3 /* Resources */,
			);
			buildRules = (
			);
			dependencies = (
			);
			name = dom4;
			productName = dom4;
			productReference = 77A97284253C8A8800044BC3 /* dom4.app */;
			productType = "com.apple.product-type.application";
		};
/* End PBXNativeTarget section */

/* Begin PBXProject section */
		77A9727C253C8A8800044BC3 /* Project object */ = {
			isa = PBXProject;
			attributes = {
				LastSwiftUpdateCheck = 1130;
				LastUpgradeCheck = 1130;
				ORGANIZATIONNAME = "Андрей";
				TargetAttributes = {
					77A97283253C8A8800044BC3 = {
						CreatedOnToolsVersion = 11.3.1;
					};
				};
			};
			buildConfigurationList = 77A9727F253C8A8800044BC3 /* Build configuration list for PBXProject "dom4" */;
			compatibilityVersion = "Xcode 9.3";
			developmentRegion = en;
			hasScannedForEncodings = 0;
			knownRegions = (
				en,
				Base,
			);
			mainGroup = 77A9727B253C8A8800044BC3;
			productRefGroup = 77A97285253C8A8800044BC3 /* Products */;
			projectDirPath = "";
			projectRoot = "";
			targets = (
				77A97283253C8A8800044BC3 /* dom4 */,
			);
		};
/* End PBXProject section */

/* Begin PBXResourcesBuildPhase section */
		77A97282253C8A8800044BC3 /* Resources */ = {
			isa = PBXResourcesBuildPhase;
			buildActionMask = 2147483647;
			files = (
				77A97294253C8A8900044BC3 /* LaunchScreen.storyboard in Resources */,
				77A97291253C8A8900044BC3 /* Assets.xcassets in Resources */,
				77A9728F253C8A8800044BC3 /* Main.storyboard in Resources */,
			);
			runOnlyForDeploymentPostprocessing = 0;
		};
/* End PBXResourcesBuildPhase section */

/* Begin PBXSourcesBuildPhase section */
		77A97280253C8A8800044BC3 /* Sources */ = {
			isa = PBXSourcesBuildPhase;
			buildActionMask = 2147483647;
			files = (
				77A9728C253C8A8800044BC3 /* ViewController.swift in Sources */,
				77A97288253C8A8800044BC3 /* AppDelegate.swift in Sources */,
				77A9729C253C8BDD00044BC3 /* ListViewController.swift in Sources */,
				77A9729E253C8CD400044BC3 /* News.swift in Sources */,
				77A972AA253CB27000044BC3 /* NewsCell.swift in Sources */,
				77A9728A253C8A8800044BC3 /* SceneDelegate.swift in Sources */,
			);
			runOnlyForDeploymentPostprocessing = 0;
		};
/* End PBXSourcesBuildPhase section */

/* Begin PBXVariantGroup section */
		77A9728D253C8A8800044BC3 /* Main.storyboard */ = {
			isa = PBXVariantGroup;
			children = (
				77A9728E253C8A8800044BC3 /* Base */,
			);
			name = Main.storyboard;
			sourceTree = "<group>";
		};
		77A97292253C8A8900044BC3 /* LaunchScreen.storyboard */ = {
			isa = PBXVariantGroup;
			children = (
				77A97293253C8A8900044BC3 /* Base */,
			);
			name = LaunchScreen.storyboard;
			sourceTree = "<group>";
		};
/* End PBXVariantGroup section */

/* Begin XCBuildConfiguration section */
		77A97296253C8A8900044BC3 /* Debug */ = {
			isa = XCBuildConfiguration;
			buildSettings = {
				ALWAYS_SEARCH_USER_PATHS = NO;
				CLANG_ANALYZER_NONNULL = YES;
				CLANG_ANALYZER_NUMBER_OBJECT_CONVERSION = YES_AGGRESSIVE;
				CLANG_CXX_LANGUAGE_STANDARD = "gnu++14";
				CLANG_CXX_LIBRARY = "libc++";
				CLANG_ENABLE_MODULES = YES;
				CLANG_ENABLE_OBJC_ARC = YES;
				CLANG_ENABLE_OBJC_WEAK = YES;
				CLANG_WARN_BLOCK_CAPTURE_AUTORELEASING = YES;
				CLANG_WARN_BOOL_CONVERSION = YES;
				CLANG_WARN_COMMA = YES;
				CLANG_WARN_CONSTANT_CONVERSION = YES;
				CLANG_WARN_DEPRECATED_OBJC_IMPLEMENTATIONS = YES;
				CLANG_WARN_DIRECT_OBJC_ISA_USAGE = YES_ERROR;
				CLANG_WARN_DOCUMENTATION_COMMENTS = YES;
				CLANG_WARN_EMPTY_BODY = YES;
				CLANG_WARN_ENUM_CONVERSION = YES;
				CLANG_WARN_INFINITE_RECURSION = YES;
				CLANG_WARN_INT_CONVERSION = YES;
				CLANG_WARN_NON_LITERAL_NULL_CONVERSION = YES;
				CLANG_WARN_OBJC_IMPLICIT_RETAIN_SELF = YES;
				CLANG_WARN_OBJC_LITERAL_CONVERSION = YES;
				CLANG_WARN_OBJC_ROOT_CLASS = YES_ERROR;
				CLANG_WARN_RANGE_LOOP_ANALYSIS = YES;
				CLANG_WARN_STRICT_PROTOTYPES = YES;
				CLANG_WARN_SUSPICIOUS_MOVE = YES;
				CLANG_WARN_UNGUARDED_AVAILABILITY = YES_AGGRESSIVE;
				CLANG_WARN_UNREACHABLE_CODE = YES;
				CLANG_WARN__DUPLICATE_METHOD_MATCH = YES;
				COPY_PHASE_STRIP = NO;
				DEBUG_INFORMATION_FORMAT = dwarf;
				ENABLE_STRICT_OBJC_MSGSEND = YES;
				ENABLE_TESTABILITY = YES;
				GCC_C_LANGUAGE_STANDARD = gnu11;
				GCC_DYNAMIC_NO_PIC = NO;
				GCC_NO_COMMON_BLOCKS = YES;
				GCC_OPTIMIZATION_LEVEL = 0;
				GCC_PREPROCESSOR_DEFINITIONS = (
					"DEBUG=1",
					"$(inherited)",
				);
				GCC_WARN_64_TO_32_BIT_CONVERSION = YES;
				GCC_WARN_ABOUT_RETURN_TYPE = YES_ERROR;
				GCC_WARN_UNDECLARED_SELECTOR = YES;
				GCC_WARN_UNINITIALIZED_AUTOS = YES_AGGRESSIVE;
				GCC_WARN_UNUSED_FUNCTION = YES;
				GCC_WARN_UNUSED_VARIABLE = YES;
				IPHONEOS_DEPLOYMENT_TARGET = 13.2;
				MTL_ENABLE_DEBUG_INFO = INCLUDE_SOURCE;
				MTL_FAST_MATH = YES;
				ONLY_ACTIVE_ARCH = YES;
				SDKROOT = iphoneos;
				SWIFT_ACTIVE_COMPILATION_CONDITIONS = DEBUG;
				SWIFT_OPTIMIZATION_LEVEL = "-Onone";
			};
			name = Debug;
		};
		77A97297253C8A8900044BC3 /* Release */ = {
			isa = XCBuildConfiguration;
			buildSettings = {
				ALWAYS_SEARCH_USER_PATHS = NO;
				CLANG_ANALYZER_NONNULL = YES;
				CLANG_ANALYZER_NUMBER_OBJECT_CONVERSION = YES_AGGRESSIVE;
				CLANG_CXX_LANGUAGE_STANDARD = "gnu++14";
				CLANG_CXX_LIBRARY = "libc++";
				CLANG_ENABLE_MODULES = YES;
				CLANG_ENABLE_OBJC_ARC = YES;
				CLANG_ENABLE_OBJC_WEAK = YES;
				CLANG_WARN_BLOCK_CAPTURE_AUTORELEASING = YES;
				CLANG_WARN_BOOL_CONVERSION = YES;
				CLANG_WARN_COMMA = YES;
				CLANG_WARN_CONSTANT_CONVERSION = YES;
				CLANG_WARN_DEPRECATED_OBJC_IMPLEMENTATIONS = YES;
				CLANG_WARN_DIRECT_OBJC_ISA_USAGE = YES_ERROR;
				CLANG_WARN_DOCUMENTATION_COMMENTS = YES;
				CLANG_WARN_EMPTY_BODY = YES;
				CLANG_WARN_ENUM_CONVERSION = YES;
				CLANG_WARN_INFINITE_RECURSION = YES;
				CLANG_WARN_INT_CONVERSION = YES;
				CLANG_WARN_NON_LITERAL_NULL_CONVERSION = YES;
				CLANG_WARN_OBJC_IMPLICIT_RETAIN_SELF = YES;
				CLANG_WARN_OBJC_LITERAL_CONVERSION = YES;
				CLANG_WARN_OBJC_ROOT_CLASS = YES_ERROR;
				CLANG_WARN_RANGE_LOOP_ANALYSIS = YES;
				CLANG_WARN_STRICT_PROTOTYPES = YES;
				CLANG_WARN_SUSPICIOUS_MOVE = YES;
				CLANG_WARN_UNGUARDED_AVAILABILITY = YES_AGGRESSIVE;
				CLANG_WARN_UNREACHABLE_CODE = YES;
				CLANG_WARN__DUPLICATE_METHOD_MATCH = YES;
				COPY_PHASE_STRIP = NO;
				DEBUG_INFORMATION_FORMAT = "dwarf-with-dsym";
				ENABLE_NS_ASSERTIONS = NO;
				ENABLE_STRICT_OBJC_MSGSEND = YES;
				GCC_C_LANGUAGE_STANDARD = gnu11;
				GCC_NO_COMMON_BLOCKS = YES;
				GCC_WARN_64_TO_32_BIT_CONVERSION = YES;
				GCC_WARN_ABOUT_RETURN_TYPE = YES_ERROR;
				GCC_WARN_UNDECLARED_SELECTOR = YES;
				GCC_WARN_UNINITIALIZED_AUTOS = YES_AGGRESSIVE;
				GCC_WARN_UNUSED_FUNCTION = YES;
				GCC_WARN_UNUSED_VARIABLE = YES;
				IPHONEOS_DEPLOYMENT_TARGET = 13.2;
				MTL_ENABLE_DEBUG_INFO = NO;
				MTL_FAST_MATH = YES;
				SDKROOT = iphoneos;
				SWIFT_COMPILATION_MODE = wholemodule;
				SWIFT_OPTIMIZATION_LEVEL = "-O";
				VALIDATE_PRODUCT = YES;
			};
			name = Release;
		};
		77A97299253C8A8900044BC3 /* Debug */ = {
			isa = XCBuildConfiguration;
			buildSettings = {
				ASSETCATALOG_COMPILER_APPICON_NAME = AppIcon;
				CODE_SIGN_STYLE = Automatic;
				INFOPLIST_FILE = dom4/Info.plist;
				LD_RUNPATH_SEARCH_PATHS = (
					"$(inherited)",
					"@executable_path/Frameworks",
				);
				PRODUCT_BUNDLE_IDENTIFIER = Andrey.dom4;
				PRODUCT_NAME = "$(TARGET_NAME)";
				SWIFT_VERSION = 5.0;
				TARGETED_DEVICE_FAMILY = "1,2";
			};
			name = Debug;
		};
		77A9729A253C8A8900044BC3 /* Release */ = {
			isa = XCBuildConfiguration;
			buildSettings = {
				ASSETCATALOG_COMPILER_APPICON_NAME = AppIcon;
				CODE_SIGN_STYLE = Automatic;
				INFOPLIST_FILE = dom4/Info.plist;
				LD_RUNPATH_SEARCH_PATHS = (
					"$(inherited)",
					"@executable_path/Frameworks",
				);
				PRODUCT_BUNDLE_IDENTIFIER = Andrey.dom4;
				PRODUCT_NAME = "$(TARGET_NAME)";
				SWIFT_VERSION = 5.0;
				TARGETED_DEVICE_FAMILY = "1,2";
			};
			name = Release;
		};
/* End XCBuildConfiguration section */

/* Begin XCConfigurationList section */
		77A9727F253C8A8800044BC3 /* Build configuration list for PBXProject "dom4" */ = {
			isa = XCConfigurationList;
			buildConfigurations = (
				77A97296253C8A8900044BC3 /* Debug */,
				77A97297253C8A8900044BC3 /* Release */,
			);
			defaultConfigurationIsVisible = 0;
			defaultConfigurationName = Release;
		};
		77A97298253C8A8900044BC3 /* Build configuration list for PBXNativeTarget "dom4" */ = {
			isa = XCConfigurationList;
			buildConfigurations = (
				77A97299253C8A8900044BC3 /* Debug */,
				77A9729A253C8A8900044BC3 /* Release */,
			);
			defaultConfigurationIsVisible = 0;
			defaultConfigurationName = Release;
		};
/* End XCConfigurationList section */
	};
	rootObject = 77A9727C253C8A8800044BC3 /* Project object */;
}
